<?xml version="1.0" encoding="utf-8"?>
<Project ToolsVersion="4.0" xmlns="http://schemas.microsoft.com/developer/msbuild/2003">
  <ItemGroup>
    <Filter Include="소스 파일">
      <UniqueIdentifier>{4FC737F1-C7A5-4376-A066-2A32D752A2FF}</UniqueIdentifier>
      <Extensions>cpp;c;cc;cxx;c++;cppm;ixx;def;odl;idl;hpj;bat;asm;asmx</Extensions>
    </Filter>
    <Filter Include="리소스 파일">
      <UniqueIdentifier>{67DA6AB6-F800-4c08-8B7A-83BB121AAD01}</UniqueIdentifier>
      <Extensions>rc;ico;cur;bmp;dlg;rc2;rct;bin;rgs;gif;jpg;jpeg;jpe;resx;tiff;tif;png;wav;mfcribbon-ms</Extensions>
    </Filter>
    <Filter Include="소스 파일\framework">
      <UniqueIdentifier>{a0def10a-32da-49e2-93e8-558936b33286}</UniqueIdentifier>
    </Filter>
    <Filter Include="소스 파일\etc">
      <UniqueIdentifier>{98dfff54-befe-43a6-9491-ef30ff0f4d86}</UniqueIdentifier>
    </Filter>
    <Filter Include="소스 파일\Scene">
      <UniqueIdentifier>{f375394c-0324-46c7-9701-b09a7834d7d3}</UniqueIdentifier>
    </Filter>
    <Filter Include="소스 파일\PipelineStateObject">
      <UniqueIdentifier>{b4531a72-44fc-474f-b5f8-6222777c3755}</UniqueIdentifier>
    </Filter>
    <Filter Include="소스 파일\HLSL">
      <UniqueIdentifier>{c42eda4d-34c4-440b-bae0-066ad089088d}</UniqueIdentifier>
    </Filter>
    <Filter Include="소스 파일\Object">
      <UniqueIdentifier>{54ae5e0d-9de6-4155-82d9-178f16ff8b38}</UniqueIdentifier>
    </Filter>
    <Filter Include="소스 파일\Camera">
      <UniqueIdentifier>{90a4fd83-6b49-4d15-8a02-53ce43042263}</UniqueIdentifier>
    </Filter>
    <Filter Include="소스 파일\Light">
      <UniqueIdentifier>{a2d0b123-e1ee-4e2c-a17b-6c1fbc9bf2b7}</UniqueIdentifier>
    </Filter>
    <Filter Include="소스 파일\etc\Timer">
      <UniqueIdentifier>{effc61e6-5f38-4375-9cdb-2785919d36e3}</UniqueIdentifier>
    </Filter>
    <Filter Include="소스 파일\Object\Texture">
      <UniqueIdentifier>{38c0a03f-2e85-4fc5-af56-d40a1ab632ea}</UniqueIdentifier>
    </Filter>
    <Filter Include="소스 파일\Object\Mesh">
      <UniqueIdentifier>{c9872e4d-67fc-49de-b868-069c358599ad}</UniqueIdentifier>
    </Filter>
    <Filter Include="소스 파일\Object\Material">
      <UniqueIdentifier>{b54c3872-916b-4d2b-a03a-9b846cf9cb20}</UniqueIdentifier>
    </Filter>
    <Filter Include="소스 파일\Object\Component">
      <UniqueIdentifier>{52e09938-e893-4a9e-aa96-b7c41853bd32}</UniqueIdentifier>
    </Filter>
    <Filter Include="소스 파일\etc\FileIO">
      <UniqueIdentifier>{3039cdb3-d862-4227-aaeb-b83d276ad2d0}</UniqueIdentifier>
    </Filter>
    <Filter Include="소스 파일\Object\Animation">
      <UniqueIdentifier>{acf69ee2-00be-4fa2-92c0-b2e8b3d0b538}</UniqueIdentifier>
    </Filter>
    <Filter Include="소스 파일\Object\Animation\Mask">
      <UniqueIdentifier>{e181df4a-4c7c-4a6d-9f16-0bab283289a2}</UniqueIdentifier>
    </Filter>
  </ItemGroup>
  <ItemGroup>
    <ClInclude Include="Resource.h">
      <Filter>소스 파일\etc</Filter>
    </ClInclude>
    <ClInclude Include="targetver.h">
      <Filter>소스 파일\etc</Filter>
    </ClInclude>
    <ClInclude Include="WindowsProject1.h">
      <Filter>소스 파일</Filter>
    </ClInclude>
    <ClInclude Include="Framework.h">
      <Filter>소스 파일\framework</Filter>
    </ClInclude>
    <ClInclude Include="Define.h">
      <Filter>소스 파일</Filter>
    </ClInclude>
    <ClInclude Include="stdafx.h" />
    <ClInclude Include="Scene.h">
      <Filter>소스 파일\Scene</Filter>
    </ClInclude>
    <ClInclude Include="PipelineStateObject.h">
      <Filter>소스 파일\PipelineStateObject</Filter>
    </ClInclude>
    <ClInclude Include="Object.h">
      <Filter>소스 파일\Object</Filter>
    </ClInclude>
    <ClInclude Include="Camera.h">
      <Filter>소스 파일\Camera</Filter>
    </ClInclude>
    <ClInclude Include="Light.h">
      <Filter>소스 파일\Light</Filter>
    </ClInclude>
    <ClInclude Include="Timer.h">
      <Filter>소스 파일\etc\Timer</Filter>
    </ClInclude>
    <ClInclude Include="MathHelper.h">
      <Filter>소스 파일\etc</Filter>
    </ClInclude>
    <ClInclude Include="Texture.h">
      <Filter>소스 파일\Object\Texture</Filter>
    </ClInclude>
    <ClInclude Include="Mesh.h">
      <Filter>소스 파일\Object\Mesh</Filter>
    </ClInclude>
    <ClInclude Include="Vertex.h">
      <Filter>소스 파일\Object\Mesh</Filter>
    </ClInclude>
    <ClInclude Include="IComponent.h">
      <Filter>소스 파일\Object\Component</Filter>
    </ClInclude>
    <ClInclude Include="DDSTextureLoader12.h">
      <Filter>소스 파일\etc\FileIO</Filter>
    </ClInclude>
    <ClInclude Include="Importer.h">
      <Filter>소스 파일\etc\FileIO</Filter>
    </ClInclude>
    <ClInclude Include="d3dUtil.h">
      <Filter>소스 파일</Filter>
    </ClInclude>
    <ClInclude Include="Material.h">
      <Filter>소스 파일\Object\Material</Filter>
    </ClInclude>
    <ClInclude Include="Model.h">
      <Filter>소스 파일\Object</Filter>
    </ClInclude>
    <ClInclude Include="Animation.h">
      <Filter>소스 파일\Object\Animation</Filter>
    </ClInclude>
    <ClInclude Include="State.h">
      <Filter>소스 파일\Object\Animation</Filter>
    </ClInclude>
    <ClInclude Include="Mask.h">
      <Filter>소스 파일\Object\Animation\Mask</Filter>
    </ClInclude>
  </ItemGroup>
  <ItemGroup>
    <ClCompile Include="WindowsProject1.cpp">
      <Filter>소스 파일</Filter>
    </ClCompile>
    <ClCompile Include="Framework.cpp">
      <Filter>소스 파일\framework</Filter>
    </ClCompile>
    <ClCompile Include="stdafx.cpp" />
    <ClCompile Include="Scene.cpp">
      <Filter>소스 파일\Scene</Filter>
    </ClCompile>
    <ClCompile Include="PipelineStateObject.cpp">
      <Filter>소스 파일\PipelineStateObject</Filter>
    </ClCompile>
    <ClCompile Include="Object.cpp">
      <Filter>소스 파일\Object</Filter>
    </ClCompile>
    <ClCompile Include="Camera.cpp">
      <Filter>소스 파일\Camera</Filter>
    </ClCompile>
    <ClCompile Include="Light.cpp">
      <Filter>소스 파일\Light</Filter>
    </ClCompile>
    <ClCompile Include="Timer.cpp">
      <Filter>소스 파일\etc\Timer</Filter>
    </ClCompile>
    <ClCompile Include="Texture.cpp">
      <Filter>소스 파일\Object\Texture</Filter>
    </ClCompile>
    <ClCompile Include="Mesh.cpp">
      <Filter>소스 파일\Object\Mesh</Filter>
    </ClCompile>
    <ClCompile Include="Vertex.cpp">
      <Filter>소스 파일\Object\Mesh</Filter>
    </ClCompile>
    <ClCompile Include="IComponent.cpp">
      <Filter>소스 파일\Object\Component</Filter>
    </ClCompile>
    <ClCompile Include="DDSTextureLoader12.cpp">
      <Filter>소스 파일\etc\FileIO</Filter>
    </ClCompile>
    <ClCompile Include="Importer.cpp">
      <Filter>소스 파일\etc\FileIO</Filter>
    </ClCompile>
    <ClCompile Include="d3dUtil.cpp">
      <Filter>소스 파일</Filter>
    </ClCompile>
    <ClCompile Include="Material.cpp">
      <Filter>소스 파일\Object\Material</Filter>
    </ClCompile>
    <ClCompile Include="Model.cpp">
      <Filter>소스 파일\Object</Filter>
    </ClCompile>
    <ClCompile Include="Animation.cpp">
      <Filter>소스 파일\Object\Animation</Filter>
    </ClCompile>
    <ClCompile Include="State.cpp">
      <Filter>소스 파일\Object\Animation</Filter>
    </ClCompile>
    <ClCompile Include="Mask.cpp">
      <Filter>소스 파일\Object\Animation\Mask</Filter>
    </ClCompile>
  </ItemGroup>
  <ItemGroup>
    <ResourceCompile Include="WindowsProject1.rc">
      <Filter>리소스 파일</Filter>
    </ResourceCompile>
  </ItemGroup>
  <ItemGroup>
    <Image Include="small.ico">
      <Filter>리소스 파일</Filter>
    </Image>
    <Image Include="WindowsProject1.ico">
      <Filter>리소스 파일</Filter>
    </Image>
  </ItemGroup>
  <ItemGroup>
    <FxCompile Include="VertexShader.hlsl">
      <Filter>소스 파일\HLSL</Filter>
    </FxCompile>
    <FxCompile Include="PixelShader.hlsl">
      <Filter>소스 파일\HLSL</Filter>
    </FxCompile>
    <FxCompile Include="GeometryShader.hlsl">
      <Filter>소스 파일\HLSL</Filter>
    </FxCompile>
  </ItemGroup>
  <ItemGroup>
    <None Include="Header.hlsli">
      <Filter>소스 파일\HLSL</Filter>
    </None>
    <None Include="Light.hlsli">
      <Filter>소스 파일\HLSL</Filter>
    </None>
  </ItemGroup>
  <ItemGroup>
    <Text Include="Data\ObjectData.txt" />
    <Text Include="Data\LightData.txt" />
    <Text Include="Data\AssetsData.txt" />
  </ItemGroup>
</Project>